
Microsoft Visual Studio Solution File, Format Version 12.00
# Visual Studio Version 17
VisualStudioVersion = 17.9.34728.123
MinimumVisualStudioVersion = 10.0.40219.1
Project("{FAE04EC0-301F-11D3-BF4B-00C04F79EFBC}") = "PatoShopping.API", "PatoShopping.API\PatoShopping.API.csproj", "{4847B076-35B3-4A00-BAF7-4A4F529AC7EB}"
EndProject
Project("{FAE04EC0-301F-11D3-BF4B-00C04F79EFBC}") = "PatoShopping.WEB", "PatoShopping.WEB\PatoShopping.WEB.csproj", "{C610F6C6-A538-4A12-8E00-3EFABD4BAC99}"
EndProject
Global
	GlobalSection(SolutionConfigurationPlatforms) = preSolution
		Debug|Any CPU = Debug|Any CPU
		Release|Any CPU = Release|Any CPU
	EndGlobalSection
	GlobalSection(ProjectConfigurationPlatforms) = postSolution
		{4847B076-35B3-4A00-BAF7-4A4F529AC7EB}.Debug|Any CPU.ActiveCfg = Debug|Any CPU
		{4847B076-35B3-4A00-BAF7-4A4F529AC7EB}.Debug|Any CPU.Build.0 = Debug|Any CPU
		{4847B076-35B3-4A00-BAF7-4A4F529AC7EB}.Release|Any CPU.ActiveCfg = Release|Any CPU
		{4847B076-35B3-4A00-BAF7-4A4F529AC7EB}.Release|Any CPU.Build.0 = Release|Any CPU
		{C610F6C6-A538-4A12-8E00-3EFABD4BAC99}.Debug|Any CPU.ActiveCfg = Debug|Any CPU
		{C610F6C6-A538-4A12-8E00-3EFABD4BAC99}.Debug|Any CPU.Build.0 = Debug|Any CPU
		{C610F6C6-A538-4A12-8E00-3EFABD4BAC99}.Release|Any CPU.ActiveCfg = Release|Any CPU
		{C610F6C6-A538-4A12-8E00-3EFABD4BAC99}.Release|Any CPU.Build.0 = Release|Any CPU
	EndGlobalSection
	GlobalSection(SolutionProperties) = preSolution
		HideSolutionNode = FALSE
	EndGlobalSection
	GlobalSection(ExtensibilityGlobals) = postSolution
		SolutionGuid = {5F959B2C-36BB-4AF7-8296-EE14DD4580DC}
	EndGlobalSection
EndGlobal
